// !$*UTF8*$!
{
	archiveVersion = 1;
	classes = {
	};
	objectVersion = 46;
	objects = {

/* Begin PBXBuildFile section */
		573D62661D3F0F5700ECF731 /* AppDelegate.swift in Sources */ = {isa = PBXBuildFile; fileRef = 573D62651D3F0F5700ECF731 /* AppDelegate.swift */; };
		573D62681D3F0F5700ECF731 /* ViewController.swift in Sources */ = {isa = PBXBuildFile; fileRef = 573D62671D3F0F5700ECF731 /* ViewController.swift */; };
		573D626B1D3F0F5700ECF731 /* Main.storyboard in Resources */ = {isa = PBXBuildFile; fileRef = 573D62691D3F0F5700ECF731 /* Main.storyboard */; };
		573D626D1D3F0F5700ECF731 /* Assets.xcassets in Resources */ = {isa = PBXBuildFile; fileRef = 573D626C1D3F0F5700ECF731 /* Assets.xcassets */; };
		573D62701D3F0F5700ECF731 /* LaunchScreen.storyboard in Resources */ = {isa = PBXBuildFile; fileRef = 573D626E1D3F0F5700ECF731 /* LaunchScreen.storyboard */; };
/* End PBXBuildFile section */

/* Begin PBXFileReference section */
		573D62621D3F0F5700ECF731 /* CAShapLayer.app */ = {isa = PBXFileReference; explicitFileType = wrapper.application; includeInIndex = 0; path = CAShapLayer.app; sourceTree = BUILT_PRODUCTS_DIR; };
		573D62651D3F0F5700ECF731 /* AppDelegate.swift */ = {isa = PBXFileReference; lastKnownFileType = sourcecode.swift; path = AppDelegate.swift; sourceTree = "<group>"; };
		573D62671D3F0F5700ECF731 /* ViewController.swift */ = {isa = PBXFileReference; lastKnownFileType = sourcecode.swift; path = ViewController.swift; sourceTree = "<group>"; };
		573D626A1D3F0F5700ECF731 /* Base */ = {isa = PBXFileReference; lastKnownFileType = file.storyboard; name = Base; path = Base.lproj/Main.storyboard; sourceTree = "<group>"; };
		573D626C1D3F0F5700ECF731 /* Assets.xcassets */ = {isa = PBXFileReference; lastKnownFileType = folder.assetcatalog; path = Assets.xcassets; sourceTree = "<group>"; };
		573D626F1D3F0F5700ECF731 /* Base */ = {isa = PBXFileReference; lastKnownFileType = file.storyboard; name = Base; path = Base.lproj/LaunchScreen.storyboard; sourceTree = "<group>"; };
		573D62711D3F0F5700ECF731 /* Info.plist */ = {isa = PBXFileReference; lastKnownFileType = text.plist.xml; path = Info.plist; sourceTree = "<group>"; };
/* End PBXFileReference section */

/* Begin PBXFrameworksBuildPhase section */
		573D625F1D3F0F5700ECF731 /* Frameworks */ = {
			isa = PBXFrameworksBuildPhase;
			buildActionMask = 2147483647;
			files = (
			);
			runOnlyForDeploymentPostprocessing = 0;
		};
/* End PBXFrameworksBuildPhase section */

/* Begin PBXGroup section */
		573D62591D3F0F5700ECF731 = {
			isa = PBXGroup;
			children = (
				573D62641D3F0F5700ECF731 /* CAShapLayer */,
				573D62631D3F0F5700ECF731 /* Products */,
			);
			sourceTree = "<group>";
		};
		573D62631D3F0F5700ECF731 /* Products */ = {
			isa = PBXGroup;
			children = (
				573D62621D3F0F5700ECF731 /* CAShapLayer.app */,
			);
			name = Products;
			sourceTree = "<group>";
		};
		573D62641D3F0F5700ECF731 /* CAShapLayer */ = {
			isa = PBXGroup;
			children = (
				573D62651D3F0F5700ECF731 /* AppDelegate.swift */,
				573D62671D3F0F5700ECF731 /* ViewController.swift */,
				573D62691D3F0F5700ECF731 /* Main.storyboard */,
				573D626C1D3F0F5700ECF731 /* Assets.xcassets */,
				573D626E1D3F0F5700ECF731 /* LaunchScreen.storyboard */,
				573D62711D3F0F5700ECF731 /* Info.plist */,
			);
			path = CAShapLayer;
			sourceTree = "<group>";
		};
/* End PBXGroup section */

/* Begin PBXNativeTarget section */
		573D62611D3F0F5700ECF731 /* CAShapLayer */ = {
			isa = PBXNativeTarget;
			buildConfigurationList = 573D62741D3F0F5700ECF731 /* Build configuration list for PBXNativeTarget "CAShapLayer" */;
			buildPhases = (
				573D625E1D3F0F5700ECF731 /* Sources */,
				573D625F1D3F0F5700ECF731 /* Frameworks */,
				573D62601D3F0F5700ECF731 /* Resources */,
			);
			buildRules = (
			);
			dependencies = (
			);
			name = CAShapLayer;
			productName = CAShapLayer;
			productReference = 573D62621D3F0F5700ECF731 /* CAShapLayer.app */;
			productType = "com.apple.product-type.application";
		};
/* End PBXNativeTarget section */

/* Begin PBXProject section */
		573D625A1D3F0F5700ECF731 /* Project object */ = {
			isa = PBXProject;
			attributes = {
				LastSwiftUpdateCheck = 0730;
				LastUpgradeCheck = 0730;
				ORGANIZATIONNAME = "张永俊";
				TargetAttributes = {
					573D62611D3F0F5700ECF731 = {
						CreatedOnToolsVersion = 7.3.1;
					};
				};
			};
			buildConfigurationList = 573D625D1D3F0F5700ECF731 /* Build configuration list for PBXProject "CAShapLayer" */;
			compatibilityVersion = "Xcode 3.2";
			developmentRegion = English;
			hasScannedForEncodings = 0;
			knownRegions = (
				en,
				Base,
			);
			mainGroup = 573D62591D3F0F5700ECF731;
			productRefGroup = 573D62631D3F0F5700ECF731 /* Products */;
			projectDirPath = "";
			projectRoot = "";
			targets = (
				573D62611D3F0F5700ECF731 /* CAShapLayer */,
			);
		};
/* End PBXProject section */

/* Begin PBXResourcesBuildPhase section */
		573D62601D3F0F5700ECF731 /* Resources */ = {
			isa = PBXResourcesBuildPhase;
			buildActionMask = 2147483647;
			files = (
				573D62701D3F0F5700ECF731 /* LaunchScreen.storyboard in Resources */,
				573D626D1D3F0F5700ECF731 /* Assets.xcassets in Resources */,
				573D626B1D3F0F5700ECF731 /* Main.storyboard in Resources */,
			);
			runOnlyForDeploymentPostprocessing = 0;
		};
/* End PBXResourcesBuildPhase section */

/* Begin PBXSourcesBuildPhase section */
		573D625E1D3F0F5700ECF731 /* Sources */ = {
			isa = PBXSourcesBuildPhase;
			buildActionMask = 2147483647;
			files = (
				573D62681D3F0F5700ECF731 /* ViewController.swift in Sources */,
				573D62661D3F0F5700ECF731 /* AppDelegate.swift in Sources */,
			);
			runOnlyForDeploymentPostprocessing = 0;
		};
/* End PBXSourcesBuildPhase section */

/* Begin PBXVariantGroup section */
		573D62691D3F0F5700ECF731 /* Main.storyboard */ = {
			isa = PBXVariantGroup;
			children = (
				573D626A1D3F0F5700ECF731 /* Base */,
			);
			name = Main.storyboard;
			sourceTree = "<group>";
		};
		573D626E1D3F0F5700ECF731 /* LaunchScreen.storyboard */ = {
			isa = PBXVariantGroup;
			children = (
				573D626F1D3F0F5700ECF731 /* Base */,
			);
			name = LaunchScreen.storyboard;
			sourceTree = "<group>";
		};
/* End PBXVariantGroup section */

/* Begin XCBuildConfiguration section */
		573D62721D3F0F5700ECF731 /* Debug */ = {
			isa = XCBuildConfiguration;
			buildSettings = {
				ALWAYS_SEARCH_USER_PATHS = NO;
				CLANG_ANALYZER_NONNULL = YES;
				CLANG_CXX_LANGUAGE_STANDARD = "gnu++0x";
				CLANG_CXX_LIBRARY = "libc++";
				CLANG_ENABLE_MODULES = YES;
				CLANG_ENABLE_OBJC_ARC = YES;
				CLANG_WARN_BOOL_CONVERSION = YES;
				CLANG_WARN_CONSTANT_CONVERSION = YES;
				CLANG_WARN_DIRECT_OBJC_ISA_USAGE = YES_ERROR;
				CLANG_WARN_EMPTY_BODY = YES;
				CLANG_WARN_ENUM_CONVERSION = YES;
				CLANG_WARN_INT_CONVERSION = YES;
				CLANG_WARN_OBJC_ROOT_CLASS = YES_ERROR;
				CLANG_WARN_UNREACHABLE_CODE = YES;
				CLANG_WARN__DUPLICATE_METHOD_MATCH = YES;
				"CODE_SIGN_IDENTITY[sdk=iphoneos*]" = "iPhone Developer";
				COPY_PHASE_STRIP = NO;
				DEBUG_INFORMATION_FORMAT = dwarf;
				ENABLE_STRICT_OBJC_MSGSEND = YES;
				ENABLE_TESTABILITY = YES;
				GCC_C_LANGUAGE_STANDARD = gnu99;
				GCC_DYNAMIC_NO_PIC = NO;
				GCC_NO_COMMON_BLOCKS = YES;
				GCC_OPTIMIZATION_LEVEL = 0;
				GCC_PREPROCESSOR_DEFINITIONS = (
					"DEBUG=1",
					"$(inherited)",
				);
				GCC_WARN_64_TO_32_BIT_CONVERSION = YES;
				GCC_WARN_ABOUT_RETURN_TYPE = YES_ERROR;
				GCC_WARN_UNDECLARED_SELECTOR = YES;
				GCC_WARN_UNINITIALIZED_AUTOS = YES_AGGRESSIVE;
				GCC_WARN_UNUSED_FUNCTION = YES;
				GCC_WARN_UNUSED_VARIABLE = YES;
				IPHONEOS_DEPLOYMENT_TARGET = 9.3;
				MTL_ENABLE_DEBUG_INFO = YES;
				ONLY_ACTIVE_ARCH = YES;
				SDKROOT = iphoneos;
				SWIFT_OPTIMIZATION_LEVEL = "-Onone";
				TARGETED_DEVICE_FAMILY = "1,2";
			};
			name = Debug;
		};
		573D62731D3F0F5700ECF731 /* Release */ = {
			isa = XCBuildConfiguration;
			buildSettings = {
				ALWAYS_SEARCH_USER_PATHS = NO;
				CLANG_ANALYZER_NONNULL = YES;
				CLANG_CXX_LANGUAGE_STANDARD = "gnu++0x";
				CLANG_CXX_LIBRARY = "libc++";
				CLANG_ENABLE_MODULES = YES;
				CLANG_ENABLE_OBJC_ARC = YES;
				CLANG_WARN_BOOL_CONVERSION = YES;
				CLANG_WARN_CONSTANT_CONVERSION = YES;
				CLANG_WARN_DIRECT_OBJC_ISA_USAGE = YES_ERROR;
				CLANG_WARN_EMPTY_BODY = YES;
				CLANG_WARN_ENUM_CONVERSION = YES;
				CLANG_WARN_INT_CONVERSION = YES;
				CLANG_WARN_OBJC_ROOT_CLASS = YES_ERROR;
				CLANG_WARN_UNREACHABLE_CODE = YES;
				CLANG_WARN__DUPLICATE_METHOD_MATCH = YES;
				"CODE_SIGN_IDENTITY[sdk=iphoneos*]" = "iPhone Developer";
				COPY_PHASE_STRIP = NO;
				DEBUG_INFORMATION_FORMAT = "dwarf-with-dsym";
				ENABLE_NS_ASSERTIONS = NO;
				ENABLE_STRICT_OBJC_MSGSEND = YES;
				GCC_C_LANGUAGE_STANDARD = gnu99;
				GCC_NO_COMMON_BLOCKS = YES;
				GCC_WARN_64_TO_32_BIT_CONVERSION = YES;
				GCC_WARN_ABOUT_RETURN_TYPE = YES_ERROR;
				GCC_WARN_UNDECLARED_SELECTOR = YES;
				GCC_WARN_UNINITIALIZED_AUTOS = YES_AGGRESSIVE;
				GCC_WARN_UNUSED_FUNCTION = YES;
				GCC_WARN_UNUSED_VARIABLE = YES;
				IPHONEOS_DEPLOYMENT_TARGET = 9.3;
				MTL_ENABLE_DEBUG_INFO = NO;
				SDKROOT = iphoneos;
				TARGETED_DEVICE_FAMILY = "1,2";
				VALIDATE_PRODUCT = YES;
			};
			name = Release;
		};
		573D62751D3F0F5700ECF731 /* Debug */ = {
			isa = XCBuildConfiguration;
			buildSettings = {
				ASSETCATALOG_COMPILER_APPICON_NAME = AppIcon;
				INFOPLIST_FILE = CAShapLayer/Info.plist;
				LD_RUNPATH_SEARCH_PATHS = "$(inherited) @executable_path/Frameworks";
				PRODUCT_BUNDLE_IDENTIFIER = ddn.CAShapLayer;
				PRODUCT_NAME = "$(TARGET_NAME)";
			};
			name = Debug;
		};
		573D62761D3F0F5700ECF731 /* Release */ = {
			isa = XCBuildConfiguration;
			buildSettings = {
				ASSETCATALOG_COMPILER_APPICON_NAME = AppIcon;
				INFOPLIST_FILE = CAShapLayer/Info.plist;
				LD_RUNPATH_SEARCH_PATHS = "$(inherited) @executable_path/Frameworks";
				PRODUCT_BUNDLE_IDENTIFIER = ddn.CAShapLayer;
				PRODUCT_NAME = "$(TARGET_NAME)";
			};
			name = Release;
		};
/* End XCBuildConfiguration section */

/* Begin XCConfigurationList section */
		573D625D1D3F0F5700ECF731 /* Build configuration list for PBXProject "CAShapLayer" */ = {
			isa = XCConfigurationList;
			buildConfigurations = (
				573D62721D3F0F5700ECF731 /* Debug */,
				573D62731D3F0F5700ECF731 /* Release */,
			);
			defaultConfigurationIsVisible = 0;
			defaultConfigurationName = Release;
		};
		573D62741D3F0F5700ECF731 /* Build configuration list for PBXNativeTarget "CAShapLayer" */ = {
			isa = XCConfigurationList;
			buildConfigurations = (
				573D62751D3F0F5700ECF731 /* Debug */,
				573D62761D3F0F5700ECF731 /* Release */,
			);
			defaultConfigurationIsVisible = 0;
		};
/* End XCConfigurationList section */
	};
	rootObject = 573D625A1D3F0F5700ECF731 /* Project object */;
}
