// !$*UTF8*$!
{
	archiveVersion = 1;
	classes = {
	};
	objectVersion = 46;
	objects = {

/* Begin PBXBuildFile section */
		57B374EB1D62F15300220E96 /* AppDelegate.swift in Sources */ = {isa = PBXBuildFile; fileRef = 57B374EA1D62F15300220E96 /* AppDelegate.swift */; };
		57B374ED1D62F15300220E96 /* ViewController.swift in Sources */ = {isa = PBXBuildFile; fileRef = 57B374EC1D62F15300220E96 /* ViewController.swift */; };
		57B374F01D62F15300220E96 /* Main.storyboard in Resources */ = {isa = PBXBuildFile; fileRef = 57B374EE1D62F15300220E96 /* Main.storyboard */; };
		57B374F21D62F15300220E96 /* Assets.xcassets in Resources */ = {isa = PBXBuildFile; fileRef = 57B374F11D62F15300220E96 /* Assets.xcassets */; };
		57B374F51D62F15300220E96 /* LaunchScreen.storyboard in Resources */ = {isa = PBXBuildFile; fileRef = 57B374F31D62F15300220E96 /* LaunchScreen.storyboard */; };
		57B374FD1D62F16A00220E96 /* UIImage+TileExtension.swift in Sources */ = {isa = PBXBuildFile; fileRef = 57B374FC1D62F16A00220E96 /* UIImage+TileExtension.swift */; };
		57B374FF1D62F20A00220E96 /* YJTileView.swift in Sources */ = {isa = PBXBuildFile; fileRef = 57B374FE1D62F20A00220E96 /* YJTileView.swift */; };
/* End PBXBuildFile section */

/* Begin PBXFileReference section */
		57B374E71D62F15300220E96 /* CATileLayer_demo.app */ = {isa = PBXFileReference; explicitFileType = wrapper.application; includeInIndex = 0; path = CATileLayer_demo.app; sourceTree = BUILT_PRODUCTS_DIR; };
		57B374EA1D62F15300220E96 /* AppDelegate.swift */ = {isa = PBXFileReference; lastKnownFileType = sourcecode.swift; path = AppDelegate.swift; sourceTree = "<group>"; };
		57B374EC1D62F15300220E96 /* ViewController.swift */ = {isa = PBXFileReference; lastKnownFileType = sourcecode.swift; path = ViewController.swift; sourceTree = "<group>"; };
		57B374EF1D62F15300220E96 /* Base */ = {isa = PBXFileReference; lastKnownFileType = file.storyboard; name = Base; path = Base.lproj/Main.storyboard; sourceTree = "<group>"; };
		57B374F11D62F15300220E96 /* Assets.xcassets */ = {isa = PBXFileReference; lastKnownFileType = folder.assetcatalog; path = Assets.xcassets; sourceTree = "<group>"; };
		57B374F41D62F15300220E96 /* Base */ = {isa = PBXFileReference; lastKnownFileType = file.storyboard; name = Base; path = Base.lproj/LaunchScreen.storyboard; sourceTree = "<group>"; };
		57B374F61D62F15300220E96 /* Info.plist */ = {isa = PBXFileReference; lastKnownFileType = text.plist.xml; path = Info.plist; sourceTree = "<group>"; };
		57B374FC1D62F16A00220E96 /* UIImage+TileExtension.swift */ = {isa = PBXFileReference; fileEncoding = 4; lastKnownFileType = sourcecode.swift; path = "UIImage+TileExtension.swift"; sourceTree = "<group>"; };
		57B374FE1D62F20A00220E96 /* YJTileView.swift */ = {isa = PBXFileReference; fileEncoding = 4; lastKnownFileType = sourcecode.swift; path = YJTileView.swift; sourceTree = "<group>"; };
/* End PBXFileReference section */

/* Begin PBXFrameworksBuildPhase section */
		57B374E41D62F15300220E96 /* Frameworks */ = {
			isa = PBXFrameworksBuildPhase;
			buildActionMask = 2147483647;
			files = (
			);
			runOnlyForDeploymentPostprocessing = 0;
		};
/* End PBXFrameworksBuildPhase section */

/* Begin PBXGroup section */
		57B374DE1D62F15300220E96 = {
			isa = PBXGroup;
			children = (
				57B374E91D62F15300220E96 /* CATileLayer_demo */,
				57B374E81D62F15300220E96 /* Products */,
			);
			sourceTree = "<group>";
		};
		57B374E81D62F15300220E96 /* Products */ = {
			isa = PBXGroup;
			children = (
				57B374E71D62F15300220E96 /* CATileLayer_demo.app */,
			);
			name = Products;
			sourceTree = "<group>";
		};
		57B374E91D62F15300220E96 /* CATileLayer_demo */ = {
			isa = PBXGroup;
			children = (
				57B374EA1D62F15300220E96 /* AppDelegate.swift */,
				57B374EC1D62F15300220E96 /* ViewController.swift */,
				57B374FC1D62F16A00220E96 /* UIImage+TileExtension.swift */,
				57B374FE1D62F20A00220E96 /* YJTileView.swift */,
				57B374EE1D62F15300220E96 /* Main.storyboard */,
				57B374F11D62F15300220E96 /* Assets.xcassets */,
				57B374F31D62F15300220E96 /* LaunchScreen.storyboard */,
				57B374F61D62F15300220E96 /* Info.plist */,
			);
			path = CATileLayer_demo;
			sourceTree = "<group>";
		};
/* End PBXGroup section */

/* Begin PBXNativeTarget section */
		57B374E61D62F15300220E96 /* CATileLayer_demo */ = {
			isa = PBXNativeTarget;
			buildConfigurationList = 57B374F91D62F15300220E96 /* Build configuration list for PBXNativeTarget "CATileLayer_demo" */;
			buildPhases = (
				57B374E31D62F15300220E96 /* Sources */,
				57B374E41D62F15300220E96 /* Frameworks */,
				57B374E51D62F15300220E96 /* Resources */,
			);
			buildRules = (
			);
			dependencies = (
			);
			name = CATileLayer_demo;
			productName = CATileLayer_demo;
			productReference = 57B374E71D62F15300220E96 /* CATileLayer_demo.app */;
			productType = "com.apple.product-type.application";
		};
/* End PBXNativeTarget section */

/* Begin PBXProject section */
		57B374DF1D62F15300220E96 /* Project object */ = {
			isa = PBXProject;
			attributes = {
				LastSwiftUpdateCheck = 0730;
				LastUpgradeCheck = 0730;
				ORGANIZATIONNAME = "张永俊";
				TargetAttributes = {
					57B374E61D62F15300220E96 = {
						CreatedOnToolsVersion = 7.3.1;
					};
				};
			};
			buildConfigurationList = 57B374E21D62F15300220E96 /* Build configuration list for PBXProject "CATileLayer_demo" */;
			compatibilityVersion = "Xcode 3.2";
			developmentRegion = English;
			hasScannedForEncodings = 0;
			knownRegions = (
				en,
				Base,
			);
			mainGroup = 57B374DE1D62F15300220E96;
			productRefGroup = 57B374E81D62F15300220E96 /* Products */;
			projectDirPath = "";
			projectRoot = "";
			targets = (
				57B374E61D62F15300220E96 /* CATileLayer_demo */,
			);
		};
/* End PBXProject section */

/* Begin PBXResourcesBuildPhase section */
		57B374E51D62F15300220E96 /* Resources */ = {
			isa = PBXResourcesBuildPhase;
			buildActionMask = 2147483647;
			files = (
				57B374F51D62F15300220E96 /* LaunchScreen.storyboard in Resources */,
				57B374F21D62F15300220E96 /* Assets.xcassets in Resources */,
				57B374F01D62F15300220E96 /* Main.storyboard in Resources */,
			);
			runOnlyForDeploymentPostprocessing = 0;
		};
/* End PBXResourcesBuildPhase section */

/* Begin PBXSourcesBuildPhase section */
		57B374E31D62F15300220E96 /* Sources */ = {
			isa = PBXSourcesBuildPhase;
			buildActionMask = 2147483647;
			files = (
				57B374ED1D62F15300220E96 /* ViewController.swift in Sources */,
				57B374FD1D62F16A00220E96 /* UIImage+TileExtension.swift in Sources */,
				57B374EB1D62F15300220E96 /* AppDelegate.swift in Sources */,
				57B374FF1D62F20A00220E96 /* YJTileView.swift in Sources */,
			);
			runOnlyForDeploymentPostprocessing = 0;
		};
/* End PBXSourcesBuildPhase section */

/* Begin PBXVariantGroup section */
		57B374EE1D62F15300220E96 /* Main.storyboard */ = {
			isa = PBXVariantGroup;
			children = (
				57B374EF1D62F15300220E96 /* Base */,
			);
			name = Main.storyboard;
			sourceTree = "<group>";
		};
		57B374F31D62F15300220E96 /* LaunchScreen.storyboard */ = {
			isa = PBXVariantGroup;
			children = (
				57B374F41D62F15300220E96 /* Base */,
			);
			name = LaunchScreen.storyboard;
			sourceTree = "<group>";
		};
/* End PBXVariantGroup section */

/* Begin XCBuildConfiguration section */
		57B374F71D62F15300220E96 /* Debug */ = {
			isa = XCBuildConfiguration;
			buildSettings = {
				ALWAYS_SEARCH_USER_PATHS = NO;
				CLANG_ANALYZER_NONNULL = YES;
				CLANG_CXX_LANGUAGE_STANDARD = "gnu++0x";
				CLANG_CXX_LIBRARY = "libc++";
				CLANG_ENABLE_MODULES = YES;
				CLANG_ENABLE_OBJC_ARC = YES;
				CLANG_WARN_BOOL_CONVERSION = YES;
				CLANG_WARN_CONSTANT_CONVERSION = YES;
				CLANG_WARN_DIRECT_OBJC_ISA_USAGE = YES_ERROR;
				CLANG_WARN_EMPTY_BODY = YES;
				CLANG_WARN_ENUM_CONVERSION = YES;
				CLANG_WARN_INT_CONVERSION = YES;
				CLANG_WARN_OBJC_ROOT_CLASS = YES_ERROR;
				CLANG_WARN_UNREACHABLE_CODE = YES;
				CLANG_WARN__DUPLICATE_METHOD_MATCH = YES;
				"CODE_SIGN_IDENTITY[sdk=iphoneos*]" = "iPhone Developer";
				COPY_PHASE_STRIP = NO;
				DEBUG_INFORMATION_FORMAT = dwarf;
				ENABLE_STRICT_OBJC_MSGSEND = YES;
				ENABLE_TESTABILITY = YES;
				GCC_C_LANGUAGE_STANDARD = gnu99;
				GCC_DYNAMIC_NO_PIC = NO;
				GCC_NO_COMMON_BLOCKS = YES;
				GCC_OPTIMIZATION_LEVEL = 0;
				GCC_PREPROCESSOR_DEFINITIONS = (
					"DEBUG=1",
					"$(inherited)",
				);
				GCC_WARN_64_TO_32_BIT_CONVERSION = YES;
				GCC_WARN_ABOUT_RETURN_TYPE = YES_ERROR;
				GCC_WARN_UNDECLARED_SELECTOR = YES;
				GCC_WARN_UNINITIALIZED_AUTOS = YES_AGGRESSIVE;
				GCC_WARN_UNUSED_FUNCTION = YES;
				GCC_WARN_UNUSED_VARIABLE = YES;
				IPHONEOS_DEPLOYMENT_TARGET = 9.3;
				MTL_ENABLE_DEBUG_INFO = YES;
				ONLY_ACTIVE_ARCH = YES;
				SDKROOT = iphoneos;
				SWIFT_OPTIMIZATION_LEVEL = "-Onone";
				TARGETED_DEVICE_FAMILY = "1,2";
			};
			name = Debug;
		};
		57B374F81D62F15300220E96 /* Release */ = {
			isa = XCBuildConfiguration;
			buildSettings = {
				ALWAYS_SEARCH_USER_PATHS = NO;
				CLANG_ANALYZER_NONNULL = YES;
				CLANG_CXX_LANGUAGE_STANDARD = "gnu++0x";
				CLANG_CXX_LIBRARY = "libc++";
				CLANG_ENABLE_MODULES = YES;
				CLANG_ENABLE_OBJC_ARC = YES;
				CLANG_WARN_BOOL_CONVERSION = YES;
				CLANG_WARN_CONSTANT_CONVERSION = YES;
				CLANG_WARN_DIRECT_OBJC_ISA_USAGE = YES_ERROR;
				CLANG_WARN_EMPTY_BODY = YES;
				CLANG_WARN_ENUM_CONVERSION = YES;
				CLANG_WARN_INT_CONVERSION = YES;
				CLANG_WARN_OBJC_ROOT_CLASS = YES_ERROR;
				CLANG_WARN_UNREACHABLE_CODE = YES;
				CLANG_WARN__DUPLICATE_METHOD_MATCH = YES;
				"CODE_SIGN_IDENTITY[sdk=iphoneos*]" = "iPhone Developer";
				COPY_PHASE_STRIP = NO;
				DEBUG_INFORMATION_FORMAT = "dwarf-with-dsym";
				ENABLE_NS_ASSERTIONS = NO;
				ENABLE_STRICT_OBJC_MSGSEND = YES;
				GCC_C_LANGUAGE_STANDARD = gnu99;
				GCC_NO_COMMON_BLOCKS = YES;
				GCC_WARN_64_TO_32_BIT_CONVERSION = YES;
				GCC_WARN_ABOUT_RETURN_TYPE = YES_ERROR;
				GCC_WARN_UNDECLARED_SELECTOR = YES;
				GCC_WARN_UNINITIALIZED_AUTOS = YES_AGGRESSIVE;
				GCC_WARN_UNUSED_FUNCTION = YES;
				GCC_WARN_UNUSED_VARIABLE = YES;
				IPHONEOS_DEPLOYMENT_TARGET = 9.3;
				MTL_ENABLE_DEBUG_INFO = NO;
				SDKROOT = iphoneos;
				TARGETED_DEVICE_FAMILY = "1,2";
				VALIDATE_PRODUCT = YES;
			};
			name = Release;
		};
		57B374FA1D62F15300220E96 /* Debug */ = {
			isa = XCBuildConfiguration;
			buildSettings = {
				ASSETCATALOG_COMPILER_APPICON_NAME = AppIcon;
				INFOPLIST_FILE = CATileLayer_demo/Info.plist;
				LD_RUNPATH_SEARCH_PATHS = "$(inherited) @executable_path/Frameworks";
				PRODUCT_BUNDLE_IDENTIFIER = "ddn.CATileLayer-demo";
				PRODUCT_NAME = "$(TARGET_NAME)";
			};
			name = Debug;
		};
		57B374FB1D62F15300220E96 /* Release */ = {
			isa = XCBuildConfiguration;
			buildSettings = {
				ASSETCATALOG_COMPILER_APPICON_NAME = AppIcon;
				INFOPLIST_FILE = CATileLayer_demo/Info.plist;
				LD_RUNPATH_SEARCH_PATHS = "$(inherited) @executable_path/Frameworks";
				PRODUCT_BUNDLE_IDENTIFIER = "ddn.CATileLayer-demo";
				PRODUCT_NAME = "$(TARGET_NAME)";
			};
			name = Release;
		};
/* End XCBuildConfiguration section */

/* Begin XCConfigurationList section */
		57B374E21D62F15300220E96 /* Build configuration list for PBXProject "CATileLayer_demo" */ = {
			isa = XCConfigurationList;
			buildConfigurations = (
				57B374F71D62F15300220E96 /* Debug */,
				57B374F81D62F15300220E96 /* Release */,
			);
			defaultConfigurationIsVisible = 0;
			defaultConfigurationName = Release;
		};
		57B374F91D62F15300220E96 /* Build configuration list for PBXNativeTarget "CATileLayer_demo" */ = {
			isa = XCConfigurationList;
			buildConfigurations = (
				57B374FA1D62F15300220E96 /* Debug */,
				57B374FB1D62F15300220E96 /* Release */,
			);
			defaultConfigurationIsVisible = 0;
		};
/* End XCConfigurationList section */
	};
	rootObject = 57B374DF1D62F15300220E96 /* Project object */;
}
