// !$*UTF8*$!
{
	archiveVersion = 1;
	classes = {
	};
	objectVersion = 46;
	objects = {

/* Begin PBXBuildFile section */
		353B58431CF7212A00BD705C /* main.m in Sources */ = {isa = PBXBuildFile; fileRef = 353B58421CF7212A00BD705C /* main.m */; };
		353B58461CF7212A00BD705C /* AppDelegate.m in Sources */ = {isa = PBXBuildFile; fileRef = 353B58451CF7212A00BD705C /* AppDelegate.m */; };
		353B584C1CF7212A00BD705C /* Main.storyboard in Resources */ = {isa = PBXBuildFile; fileRef = 353B584A1CF7212A00BD705C /* Main.storyboard */; };
		353B584E1CF7212A00BD705C /* Assets.xcassets in Resources */ = {isa = PBXBuildFile; fileRef = 353B584D1CF7212A00BD705C /* Assets.xcassets */; };
		353B58511CF7212A00BD705C /* LaunchScreen.storyboard in Resources */ = {isa = PBXBuildFile; fileRef = 353B584F1CF7212A00BD705C /* LaunchScreen.storyboard */; };
		353B585D1CF7214900BD705C /* ViewController.m in Sources */ = {isa = PBXBuildFile; fileRef = 353B58591CF7214900BD705C /* ViewController.m */; };
		353B585E1CF7214900BD705C /* MapView.m in Sources */ = {isa = PBXBuildFile; fileRef = 353B585B1CF7214900BD705C /* MapView.m */; };
		353B585F1CF7214900BD705C /* sf_muni.pdf in Resources */ = {isa = PBXBuildFile; fileRef = 353B585C1CF7214900BD705C /* sf_muni.pdf */; };
/* End PBXBuildFile section */

/* Begin PBXFileReference section */
		353B583E1CF7212A00BD705C /* CATileLayer.app */ = {isa = PBXFileReference; explicitFileType = wrapper.application; includeInIndex = 0; path = CATileLayer.app; sourceTree = BUILT_PRODUCTS_DIR; };
		353B58421CF7212A00BD705C /* main.m */ = {isa = PBXFileReference; lastKnownFileType = sourcecode.c.objc; path = main.m; sourceTree = "<group>"; };
		353B58441CF7212A00BD705C /* AppDelegate.h */ = {isa = PBXFileReference; lastKnownFileType = sourcecode.c.h; path = AppDelegate.h; sourceTree = "<group>"; };
		353B58451CF7212A00BD705C /* AppDelegate.m */ = {isa = PBXFileReference; lastKnownFileType = sourcecode.c.objc; path = AppDelegate.m; sourceTree = "<group>"; };
		353B584B1CF7212A00BD705C /* Base */ = {isa = PBXFileReference; lastKnownFileType = file.storyboard; name = Base; path = Base.lproj/Main.storyboard; sourceTree = "<group>"; };
		353B584D1CF7212A00BD705C /* Assets.xcassets */ = {isa = PBXFileReference; lastKnownFileType = folder.assetcatalog; path = Assets.xcassets; sourceTree = "<group>"; };
		353B58501CF7212A00BD705C /* Base */ = {isa = PBXFileReference; lastKnownFileType = file.storyboard; name = Base; path = Base.lproj/LaunchScreen.storyboard; sourceTree = "<group>"; };
		353B58521CF7212A00BD705C /* Info.plist */ = {isa = PBXFileReference; lastKnownFileType = text.plist.xml; path = Info.plist; sourceTree = "<group>"; };
		353B58581CF7214900BD705C /* ViewController.h */ = {isa = PBXFileReference; fileEncoding = 4; lastKnownFileType = sourcecode.c.h; path = ViewController.h; sourceTree = "<group>"; };
		353B58591CF7214900BD705C /* ViewController.m */ = {isa = PBXFileReference; fileEncoding = 4; lastKnownFileType = sourcecode.c.objc; path = ViewController.m; sourceTree = "<group>"; };
		353B585A1CF7214900BD705C /* MapView.h */ = {isa = PBXFileReference; fileEncoding = 4; lastKnownFileType = sourcecode.c.h; path = MapView.h; sourceTree = "<group>"; };
		353B585B1CF7214900BD705C /* MapView.m */ = {isa = PBXFileReference; fileEncoding = 4; lastKnownFileType = sourcecode.c.objc; path = MapView.m; sourceTree = "<group>"; };
		353B585C1CF7214900BD705C /* sf_muni.pdf */ = {isa = PBXFileReference; lastKnownFileType = image.pdf; path = sf_muni.pdf; sourceTree = "<group>"; };
/* End PBXFileReference section */

/* Begin PBXFrameworksBuildPhase section */
		353B583B1CF7212A00BD705C /* Frameworks */ = {
			isa = PBXFrameworksBuildPhase;
			buildActionMask = 2147483647;
			files = (
			);
			runOnlyForDeploymentPostprocessing = 0;
		};
/* End PBXFrameworksBuildPhase section */

/* Begin PBXGroup section */
		353B58351CF7212A00BD705C = {
			isa = PBXGroup;
			children = (
				353B58401CF7212A00BD705C /* CATileLayer */,
				353B583F1CF7212A00BD705C /* Products */,
			);
			sourceTree = "<group>";
		};
		353B583F1CF7212A00BD705C /* Products */ = {
			isa = PBXGroup;
			children = (
				353B583E1CF7212A00BD705C /* CATileLayer.app */,
			);
			name = Products;
			sourceTree = "<group>";
		};
		353B58401CF7212A00BD705C /* CATileLayer */ = {
			isa = PBXGroup;
			children = (
				353B58441CF7212A00BD705C /* AppDelegate.h */,
				353B58451CF7212A00BD705C /* AppDelegate.m */,
				353B58581CF7214900BD705C /* ViewController.h */,
				353B58591CF7214900BD705C /* ViewController.m */,
				353B585A1CF7214900BD705C /* MapView.h */,
				353B585B1CF7214900BD705C /* MapView.m */,
				353B585C1CF7214900BD705C /* sf_muni.pdf */,
				353B584A1CF7212A00BD705C /* Main.storyboard */,
				353B584D1CF7212A00BD705C /* Assets.xcassets */,
				353B584F1CF7212A00BD705C /* LaunchScreen.storyboard */,
				353B58521CF7212A00BD705C /* Info.plist */,
				353B58411CF7212A00BD705C /* Supporting Files */,
			);
			path = CATileLayer;
			sourceTree = "<group>";
		};
		353B58411CF7212A00BD705C /* Supporting Files */ = {
			isa = PBXGroup;
			children = (
				353B58421CF7212A00BD705C /* main.m */,
			);
			name = "Supporting Files";
			sourceTree = "<group>";
		};
/* End PBXGroup section */

/* Begin PBXNativeTarget section */
		353B583D1CF7212A00BD705C /* CATileLayer */ = {
			isa = PBXNativeTarget;
			buildConfigurationList = 353B58551CF7212A00BD705C /* Build configuration list for PBXNativeTarget "CATileLayer" */;
			buildPhases = (
				353B583A1CF7212A00BD705C /* Sources */,
				353B583B1CF7212A00BD705C /* Frameworks */,
				353B583C1CF7212A00BD705C /* Resources */,
			);
			buildRules = (
			);
			dependencies = (
			);
			name = CATileLayer;
			productName = CATileLayer;
			productReference = 353B583E1CF7212A00BD705C /* CATileLayer.app */;
			productType = "com.apple.product-type.application";
		};
/* End PBXNativeTarget section */

/* Begin PBXProject section */
		353B58361CF7212A00BD705C /* Project object */ = {
			isa = PBXProject;
			attributes = {
				LastUpgradeCheck = 0730;
				ORGANIZATIONNAME = "张永俊";
				TargetAttributes = {
					353B583D1CF7212A00BD705C = {
						CreatedOnToolsVersion = 7.3.1;
					};
				};
			};
			buildConfigurationList = 353B58391CF7212A00BD705C /* Build configuration list for PBXProject "CATileLayer" */;
			compatibilityVersion = "Xcode 3.2";
			developmentRegion = English;
			hasScannedForEncodings = 0;
			knownRegions = (
				en,
				Base,
			);
			mainGroup = 353B58351CF7212A00BD705C;
			productRefGroup = 353B583F1CF7212A00BD705C /* Products */;
			projectDirPath = "";
			projectRoot = "";
			targets = (
				353B583D1CF7212A00BD705C /* CATileLayer */,
			);
		};
/* End PBXProject section */

/* Begin PBXResourcesBuildPhase section */
		353B583C1CF7212A00BD705C /* Resources */ = {
			isa = PBXResourcesBuildPhase;
			buildActionMask = 2147483647;
			files = (
				353B585F1CF7214900BD705C /* sf_muni.pdf in Resources */,
				353B58511CF7212A00BD705C /* LaunchScreen.storyboard in Resources */,
				353B584E1CF7212A00BD705C /* Assets.xcassets in Resources */,
				353B584C1CF7212A00BD705C /* Main.storyboard in Resources */,
			);
			runOnlyForDeploymentPostprocessing = 0;
		};
/* End PBXResourcesBuildPhase section */

/* Begin PBXSourcesBuildPhase section */
		353B583A1CF7212A00BD705C /* Sources */ = {
			isa = PBXSourcesBuildPhase;
			buildActionMask = 2147483647;
			files = (
				353B585D1CF7214900BD705C /* ViewController.m in Sources */,
				353B585E1CF7214900BD705C /* MapView.m in Sources */,
				353B58461CF7212A00BD705C /* AppDelegate.m in Sources */,
				353B58431CF7212A00BD705C /* main.m in Sources */,
			);
			runOnlyForDeploymentPostprocessing = 0;
		};
/* End PBXSourcesBuildPhase section */

/* Begin PBXVariantGroup section */
		353B584A1CF7212A00BD705C /* Main.storyboard */ = {
			isa = PBXVariantGroup;
			children = (
				353B584B1CF7212A00BD705C /* Base */,
			);
			name = Main.storyboard;
			sourceTree = "<group>";
		};
		353B584F1CF7212A00BD705C /* LaunchScreen.storyboard */ = {
			isa = PBXVariantGroup;
			children = (
				353B58501CF7212A00BD705C /* Base */,
			);
			name = LaunchScreen.storyboard;
			sourceTree = "<group>";
		};
/* End PBXVariantGroup section */

/* Begin XCBuildConfiguration section */
		353B58531CF7212A00BD705C /* Debug */ = {
			isa = XCBuildConfiguration;
			buildSettings = {
				ALWAYS_SEARCH_USER_PATHS = NO;
				CLANG_ANALYZER_NONNULL = YES;
				CLANG_CXX_LANGUAGE_STANDARD = "gnu++0x";
				CLANG_CXX_LIBRARY = "libc++";
				CLANG_ENABLE_MODULES = YES;
				CLANG_ENABLE_OBJC_ARC = YES;
				CLANG_WARN_BOOL_CONVERSION = YES;
				CLANG_WARN_CONSTANT_CONVERSION = YES;
				CLANG_WARN_DIRECT_OBJC_ISA_USAGE = YES_ERROR;
				CLANG_WARN_EMPTY_BODY = YES;
				CLANG_WARN_ENUM_CONVERSION = YES;
				CLANG_WARN_INT_CONVERSION = YES;
				CLANG_WARN_OBJC_ROOT_CLASS = YES_ERROR;
				CLANG_WARN_UNREACHABLE_CODE = YES;
				CLANG_WARN__DUPLICATE_METHOD_MATCH = YES;
				"CODE_SIGN_IDENTITY[sdk=iphoneos*]" = "iPhone Developer";
				COPY_PHASE_STRIP = NO;
				DEBUG_INFORMATION_FORMAT = dwarf;
				ENABLE_STRICT_OBJC_MSGSEND = YES;
				ENABLE_TESTABILITY = YES;
				GCC_C_LANGUAGE_STANDARD = gnu99;
				GCC_DYNAMIC_NO_PIC = NO;
				GCC_NO_COMMON_BLOCKS = YES;
				GCC_OPTIMIZATION_LEVEL = 0;
				GCC_PREPROCESSOR_DEFINITIONS = (
					"DEBUG=1",
					"$(inherited)",
				);
				GCC_WARN_64_TO_32_BIT_CONVERSION = YES;
				GCC_WARN_ABOUT_RETURN_TYPE = YES_ERROR;
				GCC_WARN_UNDECLARED_SELECTOR = YES;
				GCC_WARN_UNINITIALIZED_AUTOS = YES_AGGRESSIVE;
				GCC_WARN_UNUSED_FUNCTION = YES;
				GCC_WARN_UNUSED_VARIABLE = YES;
				IPHONEOS_DEPLOYMENT_TARGET = 9.3;
				MTL_ENABLE_DEBUG_INFO = YES;
				ONLY_ACTIVE_ARCH = YES;
				SDKROOT = iphoneos;
			};
			name = Debug;
		};
		353B58541CF7212A00BD705C /* Release */ = {
			isa = XCBuildConfiguration;
			buildSettings = {
				ALWAYS_SEARCH_USER_PATHS = NO;
				CLANG_ANALYZER_NONNULL = YES;
				CLANG_CXX_LANGUAGE_STANDARD = "gnu++0x";
				CLANG_CXX_LIBRARY = "libc++";
				CLANG_ENABLE_MODULES = YES;
				CLANG_ENABLE_OBJC_ARC = YES;
				CLANG_WARN_BOOL_CONVERSION = YES;
				CLANG_WARN_CONSTANT_CONVERSION = YES;
				CLANG_WARN_DIRECT_OBJC_ISA_USAGE = YES_ERROR;
				CLANG_WARN_EMPTY_BODY = YES;
				CLANG_WARN_ENUM_CONVERSION = YES;
				CLANG_WARN_INT_CONVERSION = YES;
				CLANG_WARN_OBJC_ROOT_CLASS = YES_ERROR;
				CLANG_WARN_UNREACHABLE_CODE = YES;
				CLANG_WARN__DUPLICATE_METHOD_MATCH = YES;
				"CODE_SIGN_IDENTITY[sdk=iphoneos*]" = "iPhone Developer";
				COPY_PHASE_STRIP = NO;
				DEBUG_INFORMATION_FORMAT = "dwarf-with-dsym";
				ENABLE_NS_ASSERTIONS = NO;
				ENABLE_STRICT_OBJC_MSGSEND = YES;
				GCC_C_LANGUAGE_STANDARD = gnu99;
				GCC_NO_COMMON_BLOCKS = YES;
				GCC_WARN_64_TO_32_BIT_CONVERSION = YES;
				GCC_WARN_ABOUT_RETURN_TYPE = YES_ERROR;
				GCC_WARN_UNDECLARED_SELECTOR = YES;
				GCC_WARN_UNINITIALIZED_AUTOS = YES_AGGRESSIVE;
				GCC_WARN_UNUSED_FUNCTION = YES;
				GCC_WARN_UNUSED_VARIABLE = YES;
				IPHONEOS_DEPLOYMENT_TARGET = 9.3;
				MTL_ENABLE_DEBUG_INFO = NO;
				SDKROOT = iphoneos;
				VALIDATE_PRODUCT = YES;
			};
			name = Release;
		};
		353B58561CF7212A00BD705C /* Debug */ = {
			isa = XCBuildConfiguration;
			buildSettings = {
				ASSETCATALOG_COMPILER_APPICON_NAME = AppIcon;
				INFOPLIST_FILE = CATileLayer/Info.plist;
				LD_RUNPATH_SEARCH_PATHS = "$(inherited) @executable_path/Frameworks";
				PRODUCT_BUNDLE_IDENTIFIER = zhangyongjun.CATileLayer;
				PRODUCT_NAME = "$(TARGET_NAME)";
			};
			name = Debug;
		};
		353B58571CF7212A00BD705C /* Release */ = {
			isa = XCBuildConfiguration;
			buildSettings = {
				ASSETCATALOG_COMPILER_APPICON_NAME = AppIcon;
				INFOPLIST_FILE = CATileLayer/Info.plist;
				LD_RUNPATH_SEARCH_PATHS = "$(inherited) @executable_path/Frameworks";
				PRODUCT_BUNDLE_IDENTIFIER = zhangyongjun.CATileLayer;
				PRODUCT_NAME = "$(TARGET_NAME)";
			};
			name = Release;
		};
/* End XCBuildConfiguration section */

/* Begin XCConfigurationList section */
		353B58391CF7212A00BD705C /* Build configuration list for PBXProject "CATileLayer" */ = {
			isa = XCConfigurationList;
			buildConfigurations = (
				353B58531CF7212A00BD705C /* Debug */,
				353B58541CF7212A00BD705C /* Release */,
			);
			defaultConfigurationIsVisible = 0;
			defaultConfigurationName = Release;
		};
		353B58551CF7212A00BD705C /* Build configuration list for PBXNativeTarget "CATileLayer" */ = {
			isa = XCConfigurationList;
			buildConfigurations = (
				353B58561CF7212A00BD705C /* Debug */,
				353B58571CF7212A00BD705C /* Release */,
			);
			defaultConfigurationIsVisible = 0;
			defaultConfigurationName = Release;
		};
/* End XCConfigurationList section */
	};
	rootObject = 353B58361CF7212A00BD705C /* Project object */;
}
