// !$*UTF8*$!
{
	archiveVersion = 1;
	classes = {
	};
	objectVersion = 46;
	objects = {

/* Begin PBXBuildFile section */
		579333BE1D616570002D0FB7 /* AppDelegate.swift in Sources */ = {isa = PBXBuildFile; fileRef = 579333BD1D616570002D0FB7 /* AppDelegate.swift */; };
		579333C01D616570002D0FB7 /* ViewController.swift in Sources */ = {isa = PBXBuildFile; fileRef = 579333BF1D616570002D0FB7 /* ViewController.swift */; };
		579333C31D616570002D0FB7 /* Main.storyboard in Resources */ = {isa = PBXBuildFile; fileRef = 579333C11D616570002D0FB7 /* Main.storyboard */; };
		579333C51D616570002D0FB7 /* Assets.xcassets in Resources */ = {isa = PBXBuildFile; fileRef = 579333C41D616570002D0FB7 /* Assets.xcassets */; };
		579333C81D616570002D0FB7 /* LaunchScreen.storyboard in Resources */ = {isa = PBXBuildFile; fileRef = 579333C61D616570002D0FB7 /* LaunchScreen.storyboard */; };
/* End PBXBuildFile section */

/* Begin PBXFileReference section */
		579333BA1D616570002D0FB7 /* CALayer学习.app */ = {isa = PBXFileReference; explicitFileType = wrapper.application; includeInIndex = 0; path = "CALayer学习.app"; sourceTree = BUILT_PRODUCTS_DIR; };
		579333BD1D616570002D0FB7 /* AppDelegate.swift */ = {isa = PBXFileReference; lastKnownFileType = sourcecode.swift; path = AppDelegate.swift; sourceTree = "<group>"; };
		579333BF1D616570002D0FB7 /* ViewController.swift */ = {isa = PBXFileReference; lastKnownFileType = sourcecode.swift; path = ViewController.swift; sourceTree = "<group>"; };
		579333C21D616570002D0FB7 /* Base */ = {isa = PBXFileReference; lastKnownFileType = file.storyboard; name = Base; path = Base.lproj/Main.storyboard; sourceTree = "<group>"; };
		579333C41D616570002D0FB7 /* Assets.xcassets */ = {isa = PBXFileReference; lastKnownFileType = folder.assetcatalog; path = Assets.xcassets; sourceTree = "<group>"; };
		579333C71D616570002D0FB7 /* Base */ = {isa = PBXFileReference; lastKnownFileType = file.storyboard; name = Base; path = Base.lproj/LaunchScreen.storyboard; sourceTree = "<group>"; };
		579333C91D616570002D0FB7 /* Info.plist */ = {isa = PBXFileReference; lastKnownFileType = text.plist.xml; path = Info.plist; sourceTree = "<group>"; };
/* End PBXFileReference section */

/* Begin PBXFrameworksBuildPhase section */
		579333B71D616570002D0FB7 /* Frameworks */ = {
			isa = PBXFrameworksBuildPhase;
			buildActionMask = 2147483647;
			files = (
			);
			runOnlyForDeploymentPostprocessing = 0;
		};
/* End PBXFrameworksBuildPhase section */

/* Begin PBXGroup section */
		579333B11D616570002D0FB7 = {
			isa = PBXGroup;
			children = (
				579333BC1D616570002D0FB7 /* CALayer学习 */,
				579333BB1D616570002D0FB7 /* Products */,
			);
			sourceTree = "<group>";
		};
		579333BB1D616570002D0FB7 /* Products */ = {
			isa = PBXGroup;
			children = (
				579333BA1D616570002D0FB7 /* CALayer学习.app */,
			);
			name = Products;
			sourceTree = "<group>";
		};
		579333BC1D616570002D0FB7 /* CALayer学习 */ = {
			isa = PBXGroup;
			children = (
				579333BD1D616570002D0FB7 /* AppDelegate.swift */,
				579333BF1D616570002D0FB7 /* ViewController.swift */,
				579333C11D616570002D0FB7 /* Main.storyboard */,
				579333C41D616570002D0FB7 /* Assets.xcassets */,
				579333C61D616570002D0FB7 /* LaunchScreen.storyboard */,
				579333C91D616570002D0FB7 /* Info.plist */,
			);
			path = "CALayer学习";
			sourceTree = "<group>";
		};
/* End PBXGroup section */

/* Begin PBXNativeTarget section */
		579333B91D616570002D0FB7 /* CALayer学习 */ = {
			isa = PBXNativeTarget;
			buildConfigurationList = 579333CC1D616570002D0FB7 /* Build configuration list for PBXNativeTarget "CALayer学习" */;
			buildPhases = (
				579333B61D616570002D0FB7 /* Sources */,
				579333B71D616570002D0FB7 /* Frameworks */,
				579333B81D616570002D0FB7 /* Resources */,
			);
			buildRules = (
			);
			dependencies = (
			);
			name = "CALayer学习";
			productName = "CALayer学习";
			productReference = 579333BA1D616570002D0FB7 /* CALayer学习.app */;
			productType = "com.apple.product-type.application";
		};
/* End PBXNativeTarget section */

/* Begin PBXProject section */
		579333B21D616570002D0FB7 /* Project object */ = {
			isa = PBXProject;
			attributes = {
				LastSwiftUpdateCheck = 0730;
				LastUpgradeCheck = 0730;
				ORGANIZATIONNAME = "张永俊";
				TargetAttributes = {
					579333B91D616570002D0FB7 = {
						CreatedOnToolsVersion = 7.3.1;
					};
				};
			};
			buildConfigurationList = 579333B51D616570002D0FB7 /* Build configuration list for PBXProject "CALayer学习" */;
			compatibilityVersion = "Xcode 3.2";
			developmentRegion = English;
			hasScannedForEncodings = 0;
			knownRegions = (
				en,
				Base,
			);
			mainGroup = 579333B11D616570002D0FB7;
			productRefGroup = 579333BB1D616570002D0FB7 /* Products */;
			projectDirPath = "";
			projectRoot = "";
			targets = (
				579333B91D616570002D0FB7 /* CALayer学习 */,
			);
		};
/* End PBXProject section */

/* Begin PBXResourcesBuildPhase section */
		579333B81D616570002D0FB7 /* Resources */ = {
			isa = PBXResourcesBuildPhase;
			buildActionMask = 2147483647;
			files = (
				579333C81D616570002D0FB7 /* LaunchScreen.storyboard in Resources */,
				579333C51D616570002D0FB7 /* Assets.xcassets in Resources */,
				579333C31D616570002D0FB7 /* Main.storyboard in Resources */,
			);
			runOnlyForDeploymentPostprocessing = 0;
		};
/* End PBXResourcesBuildPhase section */

/* Begin PBXSourcesBuildPhase section */
		579333B61D616570002D0FB7 /* Sources */ = {
			isa = PBXSourcesBuildPhase;
			buildActionMask = 2147483647;
			files = (
				579333C01D616570002D0FB7 /* ViewController.swift in Sources */,
				579333BE1D616570002D0FB7 /* AppDelegate.swift in Sources */,
			);
			runOnlyForDeploymentPostprocessing = 0;
		};
/* End PBXSourcesBuildPhase section */

/* Begin PBXVariantGroup section */
		579333C11D616570002D0FB7 /* Main.storyboard */ = {
			isa = PBXVariantGroup;
			children = (
				579333C21D616570002D0FB7 /* Base */,
			);
			name = Main.storyboard;
			sourceTree = "<group>";
		};
		579333C61D616570002D0FB7 /* LaunchScreen.storyboard */ = {
			isa = PBXVariantGroup;
			children = (
				579333C71D616570002D0FB7 /* Base */,
			);
			name = LaunchScreen.storyboard;
			sourceTree = "<group>";
		};
/* End PBXVariantGroup section */

/* Begin XCBuildConfiguration section */
		579333CA1D616570002D0FB7 /* Debug */ = {
			isa = XCBuildConfiguration;
			buildSettings = {
				ALWAYS_SEARCH_USER_PATHS = NO;
				CLANG_ANALYZER_NONNULL = YES;
				CLANG_CXX_LANGUAGE_STANDARD = "gnu++0x";
				CLANG_CXX_LIBRARY = "libc++";
				CLANG_ENABLE_MODULES = YES;
				CLANG_ENABLE_OBJC_ARC = YES;
				CLANG_WARN_BOOL_CONVERSION = YES;
				CLANG_WARN_CONSTANT_CONVERSION = YES;
				CLANG_WARN_DIRECT_OBJC_ISA_USAGE = YES_ERROR;
				CLANG_WARN_EMPTY_BODY = YES;
				CLANG_WARN_ENUM_CONVERSION = YES;
				CLANG_WARN_INT_CONVERSION = YES;
				CLANG_WARN_OBJC_ROOT_CLASS = YES_ERROR;
				CLANG_WARN_UNREACHABLE_CODE = YES;
				CLANG_WARN__DUPLICATE_METHOD_MATCH = YES;
				"CODE_SIGN_IDENTITY[sdk=iphoneos*]" = "iPhone Developer";
				COPY_PHASE_STRIP = NO;
				DEBUG_INFORMATION_FORMAT = dwarf;
				ENABLE_STRICT_OBJC_MSGSEND = YES;
				ENABLE_TESTABILITY = YES;
				GCC_C_LANGUAGE_STANDARD = gnu99;
				GCC_DYNAMIC_NO_PIC = NO;
				GCC_NO_COMMON_BLOCKS = YES;
				GCC_OPTIMIZATION_LEVEL = 0;
				GCC_PREPROCESSOR_DEFINITIONS = (
					"DEBUG=1",
					"$(inherited)",
				);
				GCC_WARN_64_TO_32_BIT_CONVERSION = YES;
				GCC_WARN_ABOUT_RETURN_TYPE = YES_ERROR;
				GCC_WARN_UNDECLARED_SELECTOR = YES;
				GCC_WARN_UNINITIALIZED_AUTOS = YES_AGGRESSIVE;
				GCC_WARN_UNUSED_FUNCTION = YES;
				GCC_WARN_UNUSED_VARIABLE = YES;
				IPHONEOS_DEPLOYMENT_TARGET = 9.3;
				MTL_ENABLE_DEBUG_INFO = YES;
				ONLY_ACTIVE_ARCH = YES;
				SDKROOT = iphoneos;
				SWIFT_OPTIMIZATION_LEVEL = "-Onone";
				TARGETED_DEVICE_FAMILY = "1,2";
			};
			name = Debug;
		};
		579333CB1D616570002D0FB7 /* Release */ = {
			isa = XCBuildConfiguration;
			buildSettings = {
				ALWAYS_SEARCH_USER_PATHS = NO;
				CLANG_ANALYZER_NONNULL = YES;
				CLANG_CXX_LANGUAGE_STANDARD = "gnu++0x";
				CLANG_CXX_LIBRARY = "libc++";
				CLANG_ENABLE_MODULES = YES;
				CLANG_ENABLE_OBJC_ARC = YES;
				CLANG_WARN_BOOL_CONVERSION = YES;
				CLANG_WARN_CONSTANT_CONVERSION = YES;
				CLANG_WARN_DIRECT_OBJC_ISA_USAGE = YES_ERROR;
				CLANG_WARN_EMPTY_BODY = YES;
				CLANG_WARN_ENUM_CONVERSION = YES;
				CLANG_WARN_INT_CONVERSION = YES;
				CLANG_WARN_OBJC_ROOT_CLASS = YES_ERROR;
				CLANG_WARN_UNREACHABLE_CODE = YES;
				CLANG_WARN__DUPLICATE_METHOD_MATCH = YES;
				"CODE_SIGN_IDENTITY[sdk=iphoneos*]" = "iPhone Developer";
				COPY_PHASE_STRIP = NO;
				DEBUG_INFORMATION_FORMAT = "dwarf-with-dsym";
				ENABLE_NS_ASSERTIONS = NO;
				ENABLE_STRICT_OBJC_MSGSEND = YES;
				GCC_C_LANGUAGE_STANDARD = gnu99;
				GCC_NO_COMMON_BLOCKS = YES;
				GCC_WARN_64_TO_32_BIT_CONVERSION = YES;
				GCC_WARN_ABOUT_RETURN_TYPE = YES_ERROR;
				GCC_WARN_UNDECLARED_SELECTOR = YES;
				GCC_WARN_UNINITIALIZED_AUTOS = YES_AGGRESSIVE;
				GCC_WARN_UNUSED_FUNCTION = YES;
				GCC_WARN_UNUSED_VARIABLE = YES;
				IPHONEOS_DEPLOYMENT_TARGET = 9.3;
				MTL_ENABLE_DEBUG_INFO = NO;
				SDKROOT = iphoneos;
				TARGETED_DEVICE_FAMILY = "1,2";
				VALIDATE_PRODUCT = YES;
			};
			name = Release;
		};
		579333CD1D616570002D0FB7 /* Debug */ = {
			isa = XCBuildConfiguration;
			buildSettings = {
				ASSETCATALOG_COMPILER_APPICON_NAME = AppIcon;
				INFOPLIST_FILE = "CALayer学习/Info.plist";
				LD_RUNPATH_SEARCH_PATHS = "$(inherited) @executable_path/Frameworks";
				PRODUCT_BUNDLE_IDENTIFIER = "ddn.CALayer--";
				PRODUCT_NAME = "$(TARGET_NAME)";
			};
			name = Debug;
		};
		579333CE1D616570002D0FB7 /* Release */ = {
			isa = XCBuildConfiguration;
			buildSettings = {
				ASSETCATALOG_COMPILER_APPICON_NAME = AppIcon;
				INFOPLIST_FILE = "CALayer学习/Info.plist";
				LD_RUNPATH_SEARCH_PATHS = "$(inherited) @executable_path/Frameworks";
				PRODUCT_BUNDLE_IDENTIFIER = "ddn.CALayer--";
				PRODUCT_NAME = "$(TARGET_NAME)";
			};
			name = Release;
		};
/* End XCBuildConfiguration section */

/* Begin XCConfigurationList section */
		579333B51D616570002D0FB7 /* Build configuration list for PBXProject "CALayer学习" */ = {
			isa = XCConfigurationList;
			buildConfigurations = (
				579333CA1D616570002D0FB7 /* Debug */,
				579333CB1D616570002D0FB7 /* Release */,
			);
			defaultConfigurationIsVisible = 0;
			defaultConfigurationName = Release;
		};
		579333CC1D616570002D0FB7 /* Build configuration list for PBXNativeTarget "CALayer学习" */ = {
			isa = XCConfigurationList;
			buildConfigurations = (
				579333CD1D616570002D0FB7 /* Debug */,
				579333CE1D616570002D0FB7 /* Release */,
			);
			defaultConfigurationIsVisible = 0;
		};
/* End XCConfigurationList section */
	};
	rootObject = 579333B21D616570002D0FB7 /* Project object */;
}
