// !$*UTF8*$!
{
	archiveVersion = 1;
	classes = {
	};
	objectVersion = 46;
	objects = {

/* Begin PBXBuildFile section */
		57CE5DBA1D8644F900C07929 /* AppDelegate.swift in Sources */ = {isa = PBXBuildFile; fileRef = 57CE5DB91D8644F900C07929 /* AppDelegate.swift */; };
		57CE5DBC1D8644F900C07929 /* ViewController.swift in Sources */ = {isa = PBXBuildFile; fileRef = 57CE5DBB1D8644F900C07929 /* ViewController.swift */; };
		57CE5DBF1D8644F900C07929 /* Main.storyboard in Resources */ = {isa = PBXBuildFile; fileRef = 57CE5DBD1D8644F900C07929 /* Main.storyboard */; };
		57CE5DC11D8644F900C07929 /* Assets.xcassets in Resources */ = {isa = PBXBuildFile; fileRef = 57CE5DC01D8644F900C07929 /* Assets.xcassets */; };
		57CE5DC41D8644F900C07929 /* LaunchScreen.storyboard in Resources */ = {isa = PBXBuildFile; fileRef = 57CE5DC21D8644F900C07929 /* LaunchScreen.storyboard */; };
		57CE5DCC1D86456900C07929 /* 说明 in Resources */ = {isa = PBXBuildFile; fileRef = 57CE5DCB1D86456900C07929 /* 说明 */; };
/* End PBXBuildFile section */

/* Begin PBXFileReference section */
		57CE5DB61D8644F900C07929 /* CAMediaTiming.app */ = {isa = PBXFileReference; explicitFileType = wrapper.application; includeInIndex = 0; path = CAMediaTiming.app; sourceTree = BUILT_PRODUCTS_DIR; };
		57CE5DB91D8644F900C07929 /* AppDelegate.swift */ = {isa = PBXFileReference; lastKnownFileType = sourcecode.swift; path = AppDelegate.swift; sourceTree = "<group>"; };
		57CE5DBB1D8644F900C07929 /* ViewController.swift */ = {isa = PBXFileReference; lastKnownFileType = sourcecode.swift; path = ViewController.swift; sourceTree = "<group>"; };
		57CE5DBE1D8644F900C07929 /* Base */ = {isa = PBXFileReference; lastKnownFileType = file.storyboard; name = Base; path = Base.lproj/Main.storyboard; sourceTree = "<group>"; };
		57CE5DC01D8644F900C07929 /* Assets.xcassets */ = {isa = PBXFileReference; lastKnownFileType = folder.assetcatalog; path = Assets.xcassets; sourceTree = "<group>"; };
		57CE5DC31D8644F900C07929 /* Base */ = {isa = PBXFileReference; lastKnownFileType = file.storyboard; name = Base; path = Base.lproj/LaunchScreen.storyboard; sourceTree = "<group>"; };
		57CE5DC51D8644F900C07929 /* Info.plist */ = {isa = PBXFileReference; lastKnownFileType = text.plist.xml; path = Info.plist; sourceTree = "<group>"; };
		57CE5DCB1D86456900C07929 /* 说明 */ = {isa = PBXFileReference; fileEncoding = 4; lastKnownFileType = text; path = "说明"; sourceTree = "<group>"; };
/* End PBXFileReference section */

/* Begin PBXFrameworksBuildPhase section */
		57CE5DB31D8644F900C07929 /* Frameworks */ = {
			isa = PBXFrameworksBuildPhase;
			buildActionMask = 2147483647;
			files = (
			);
			runOnlyForDeploymentPostprocessing = 0;
		};
/* End PBXFrameworksBuildPhase section */

/* Begin PBXGroup section */
		57CE5DAD1D8644F900C07929 = {
			isa = PBXGroup;
			children = (
				57CE5DB81D8644F900C07929 /* CAMediaTiming */,
				57CE5DB71D8644F900C07929 /* Products */,
			);
			sourceTree = "<group>";
		};
		57CE5DB71D8644F900C07929 /* Products */ = {
			isa = PBXGroup;
			children = (
				57CE5DB61D8644F900C07929 /* CAMediaTiming.app */,
			);
			name = Products;
			sourceTree = "<group>";
		};
		57CE5DB81D8644F900C07929 /* CAMediaTiming */ = {
			isa = PBXGroup;
			children = (
				57CE5DB91D8644F900C07929 /* AppDelegate.swift */,
				57CE5DBB1D8644F900C07929 /* ViewController.swift */,
				57CE5DCB1D86456900C07929 /* 说明 */,
				57CE5DBD1D8644F900C07929 /* Main.storyboard */,
				57CE5DC01D8644F900C07929 /* Assets.xcassets */,
				57CE5DC21D8644F900C07929 /* LaunchScreen.storyboard */,
				57CE5DC51D8644F900C07929 /* Info.plist */,
			);
			path = CAMediaTiming;
			sourceTree = "<group>";
		};
/* End PBXGroup section */

/* Begin PBXNativeTarget section */
		57CE5DB51D8644F900C07929 /* CAMediaTiming */ = {
			isa = PBXNativeTarget;
			buildConfigurationList = 57CE5DC81D8644F900C07929 /* Build configuration list for PBXNativeTarget "CAMediaTiming" */;
			buildPhases = (
				57CE5DB21D8644F900C07929 /* Sources */,
				57CE5DB31D8644F900C07929 /* Frameworks */,
				57CE5DB41D8644F900C07929 /* Resources */,
			);
			buildRules = (
			);
			dependencies = (
			);
			name = CAMediaTiming;
			productName = CAMediaTiming;
			productReference = 57CE5DB61D8644F900C07929 /* CAMediaTiming.app */;
			productType = "com.apple.product-type.application";
		};
/* End PBXNativeTarget section */

/* Begin PBXProject section */
		57CE5DAE1D8644F900C07929 /* Project object */ = {
			isa = PBXProject;
			attributes = {
				LastSwiftUpdateCheck = 0730;
				LastUpgradeCheck = 0730;
				ORGANIZATIONNAME = "张永俊";
				TargetAttributes = {
					57CE5DB51D8644F900C07929 = {
						CreatedOnToolsVersion = 7.3.1;
					};
				};
			};
			buildConfigurationList = 57CE5DB11D8644F900C07929 /* Build configuration list for PBXProject "CAMediaTiming" */;
			compatibilityVersion = "Xcode 3.2";
			developmentRegion = English;
			hasScannedForEncodings = 0;
			knownRegions = (
				en,
				Base,
			);
			mainGroup = 57CE5DAD1D8644F900C07929;
			productRefGroup = 57CE5DB71D8644F900C07929 /* Products */;
			projectDirPath = "";
			projectRoot = "";
			targets = (
				57CE5DB51D8644F900C07929 /* CAMediaTiming */,
			);
		};
/* End PBXProject section */

/* Begin PBXResourcesBuildPhase section */
		57CE5DB41D8644F900C07929 /* Resources */ = {
			isa = PBXResourcesBuildPhase;
			buildActionMask = 2147483647;
			files = (
				57CE5DCC1D86456900C07929 /* 说明 in Resources */,
				57CE5DC41D8644F900C07929 /* LaunchScreen.storyboard in Resources */,
				57CE5DC11D8644F900C07929 /* Assets.xcassets in Resources */,
				57CE5DBF1D8644F900C07929 /* Main.storyboard in Resources */,
			);
			runOnlyForDeploymentPostprocessing = 0;
		};
/* End PBXResourcesBuildPhase section */

/* Begin PBXSourcesBuildPhase section */
		57CE5DB21D8644F900C07929 /* Sources */ = {
			isa = PBXSourcesBuildPhase;
			buildActionMask = 2147483647;
			files = (
				57CE5DBC1D8644F900C07929 /* ViewController.swift in Sources */,
				57CE5DBA1D8644F900C07929 /* AppDelegate.swift in Sources */,
			);
			runOnlyForDeploymentPostprocessing = 0;
		};
/* End PBXSourcesBuildPhase section */

/* Begin PBXVariantGroup section */
		57CE5DBD1D8644F900C07929 /* Main.storyboard */ = {
			isa = PBXVariantGroup;
			children = (
				57CE5DBE1D8644F900C07929 /* Base */,
			);
			name = Main.storyboard;
			sourceTree = "<group>";
		};
		57CE5DC21D8644F900C07929 /* LaunchScreen.storyboard */ = {
			isa = PBXVariantGroup;
			children = (
				57CE5DC31D8644F900C07929 /* Base */,
			);
			name = LaunchScreen.storyboard;
			sourceTree = "<group>";
		};
/* End PBXVariantGroup section */

/* Begin XCBuildConfiguration section */
		57CE5DC61D8644F900C07929 /* Debug */ = {
			isa = XCBuildConfiguration;
			buildSettings = {
				ALWAYS_SEARCH_USER_PATHS = NO;
				CLANG_ANALYZER_NONNULL = YES;
				CLANG_CXX_LANGUAGE_STANDARD = "gnu++0x";
				CLANG_CXX_LIBRARY = "libc++";
				CLANG_ENABLE_MODULES = YES;
				CLANG_ENABLE_OBJC_ARC = YES;
				CLANG_WARN_BOOL_CONVERSION = YES;
				CLANG_WARN_CONSTANT_CONVERSION = YES;
				CLANG_WARN_DIRECT_OBJC_ISA_USAGE = YES_ERROR;
				CLANG_WARN_EMPTY_BODY = YES;
				CLANG_WARN_ENUM_CONVERSION = YES;
				CLANG_WARN_INT_CONVERSION = YES;
				CLANG_WARN_OBJC_ROOT_CLASS = YES_ERROR;
				CLANG_WARN_UNREACHABLE_CODE = YES;
				CLANG_WARN__DUPLICATE_METHOD_MATCH = YES;
				"CODE_SIGN_IDENTITY[sdk=iphoneos*]" = "iPhone Developer";
				COPY_PHASE_STRIP = NO;
				DEBUG_INFORMATION_FORMAT = dwarf;
				ENABLE_STRICT_OBJC_MSGSEND = YES;
				ENABLE_TESTABILITY = YES;
				GCC_C_LANGUAGE_STANDARD = gnu99;
				GCC_DYNAMIC_NO_PIC = NO;
				GCC_NO_COMMON_BLOCKS = YES;
				GCC_OPTIMIZATION_LEVEL = 0;
				GCC_PREPROCESSOR_DEFINITIONS = (
					"DEBUG=1",
					"$(inherited)",
				);
				GCC_WARN_64_TO_32_BIT_CONVERSION = YES;
				GCC_WARN_ABOUT_RETURN_TYPE = YES_ERROR;
				GCC_WARN_UNDECLARED_SELECTOR = YES;
				GCC_WARN_UNINITIALIZED_AUTOS = YES_AGGRESSIVE;
				GCC_WARN_UNUSED_FUNCTION = YES;
				GCC_WARN_UNUSED_VARIABLE = YES;
				IPHONEOS_DEPLOYMENT_TARGET = 9.3;
				MTL_ENABLE_DEBUG_INFO = YES;
				ONLY_ACTIVE_ARCH = YES;
				SDKROOT = iphoneos;
				SWIFT_OPTIMIZATION_LEVEL = "-Onone";
				TARGETED_DEVICE_FAMILY = "1,2";
			};
			name = Debug;
		};
		57CE5DC71D8644F900C07929 /* Release */ = {
			isa = XCBuildConfiguration;
			buildSettings = {
				ALWAYS_SEARCH_USER_PATHS = NO;
				CLANG_ANALYZER_NONNULL = YES;
				CLANG_CXX_LANGUAGE_STANDARD = "gnu++0x";
				CLANG_CXX_LIBRARY = "libc++";
				CLANG_ENABLE_MODULES = YES;
				CLANG_ENABLE_OBJC_ARC = YES;
				CLANG_WARN_BOOL_CONVERSION = YES;
				CLANG_WARN_CONSTANT_CONVERSION = YES;
				CLANG_WARN_DIRECT_OBJC_ISA_USAGE = YES_ERROR;
				CLANG_WARN_EMPTY_BODY = YES;
				CLANG_WARN_ENUM_CONVERSION = YES;
				CLANG_WARN_INT_CONVERSION = YES;
				CLANG_WARN_OBJC_ROOT_CLASS = YES_ERROR;
				CLANG_WARN_UNREACHABLE_CODE = YES;
				CLANG_WARN__DUPLICATE_METHOD_MATCH = YES;
				"CODE_SIGN_IDENTITY[sdk=iphoneos*]" = "iPhone Developer";
				COPY_PHASE_STRIP = NO;
				DEBUG_INFORMATION_FORMAT = "dwarf-with-dsym";
				ENABLE_NS_ASSERTIONS = NO;
				ENABLE_STRICT_OBJC_MSGSEND = YES;
				GCC_C_LANGUAGE_STANDARD = gnu99;
				GCC_NO_COMMON_BLOCKS = YES;
				GCC_WARN_64_TO_32_BIT_CONVERSION = YES;
				GCC_WARN_ABOUT_RETURN_TYPE = YES_ERROR;
				GCC_WARN_UNDECLARED_SELECTOR = YES;
				GCC_WARN_UNINITIALIZED_AUTOS = YES_AGGRESSIVE;
				GCC_WARN_UNUSED_FUNCTION = YES;
				GCC_WARN_UNUSED_VARIABLE = YES;
				IPHONEOS_DEPLOYMENT_TARGET = 9.3;
				MTL_ENABLE_DEBUG_INFO = NO;
				SDKROOT = iphoneos;
				TARGETED_DEVICE_FAMILY = "1,2";
				VALIDATE_PRODUCT = YES;
			};
			name = Release;
		};
		57CE5DC91D8644F900C07929 /* Debug */ = {
			isa = XCBuildConfiguration;
			buildSettings = {
				ASSETCATALOG_COMPILER_APPICON_NAME = AppIcon;
				INFOPLIST_FILE = CAMediaTiming/Info.plist;
				LD_RUNPATH_SEARCH_PATHS = "$(inherited) @executable_path/Frameworks";
				PRODUCT_BUNDLE_IDENTIFIER = ddn.CAMediaTiming;
				PRODUCT_NAME = "$(TARGET_NAME)";
			};
			name = Debug;
		};
		57CE5DCA1D8644F900C07929 /* Release */ = {
			isa = XCBuildConfiguration;
			buildSettings = {
				ASSETCATALOG_COMPILER_APPICON_NAME = AppIcon;
				INFOPLIST_FILE = CAMediaTiming/Info.plist;
				LD_RUNPATH_SEARCH_PATHS = "$(inherited) @executable_path/Frameworks";
				PRODUCT_BUNDLE_IDENTIFIER = ddn.CAMediaTiming;
				PRODUCT_NAME = "$(TARGET_NAME)";
			};
			name = Release;
		};
/* End XCBuildConfiguration section */

/* Begin XCConfigurationList section */
		57CE5DB11D8644F900C07929 /* Build configuration list for PBXProject "CAMediaTiming" */ = {
			isa = XCConfigurationList;
			buildConfigurations = (
				57CE5DC61D8644F900C07929 /* Debug */,
				57CE5DC71D8644F900C07929 /* Release */,
			);
			defaultConfigurationIsVisible = 0;
			defaultConfigurationName = Release;
		};
		57CE5DC81D8644F900C07929 /* Build configuration list for PBXNativeTarget "CAMediaTiming" */ = {
			isa = XCConfigurationList;
			buildConfigurations = (
				57CE5DC91D8644F900C07929 /* Debug */,
				57CE5DCA1D8644F900C07929 /* Release */,
			);
			defaultConfigurationIsVisible = 0;
		};
/* End XCConfigurationList section */
	};
	rootObject = 57CE5DAE1D8644F900C07929 /* Project object */;
}
